
Microsoft Visual Studio Solution File, Format Version 12.00
# Visual Studio Version 16
VisualStudioVersion = 16.0.30413.136
MinimumVisualStudioVersion = 10.0.40219.1
Project("{2150E333-8FDC-42A3-9474-1A3956D46DE8}") = "01-FanoutDemo", "01-FanoutDemo", "{30064AD1-9B65-4517-AE9B-D3F5B0B2059D}"
EndProject
Project("{FAE04EC0-301F-11D3-BF4B-00C04F79EFBC}") = "FanoutDemo", "FanoutDemo\FanoutDemo.csproj", "{4ABAB4ED-531E-4945-83C2-7F87EB761220}"
EndProject
Project("{2150E333-8FDC-42A3-9474-1A3956D46DE8}") = "02-DirectDemo", "02-DirectDemo", "{A4B82210-FA17-47BE-AA2B-B9AF5C12BEF9}"
EndProject
Project("{2150E333-8FDC-42A3-9474-1A3956D46DE8}") = "03-TopicDemo", "03-TopicDemo", "{F439DC9A-98B4-4897-8E24-4ECE7F478BED}"
EndProject
Project("{2150E333-8FDC-42A3-9474-1A3956D46DE8}") = "04-HeadersDemo", "04-HeadersDemo", "{06F196C2-B199-428B-AAF3-A1BA1D882742}"
EndProject
Project("{2150E333-8FDC-42A3-9474-1A3956D46DE8}") = "05-DefaultDemo", "05-DefaultDemo", "{7CC7BD41-A566-4F78-A6E0-178C4AFAFA67}"
EndProject
Project("{FAE04EC0-301F-11D3-BF4B-00C04F79EFBC}") = "DirectDemo", "DirectDemo\DirectDemo.csproj", "{80798253-166F-4735-ACD9-FBF2E6C481B3}"
EndProject
Project("{FAE04EC0-301F-11D3-BF4B-00C04F79EFBC}") = "TopicDemo", "TopicDemo\TopicDemo.csproj", "{DDA44A86-CDD5-4AA7-AAB4-9511293B27A1}"
EndProject
Project("{FAE04EC0-301F-11D3-BF4B-00C04F79EFBC}") = "HeadersDemo", "HeadersDemo\HeadersDemo.csproj", "{5ADF734C-A9A5-463E-B71C-E5143088DD12}"
EndProject
Project("{FAE04EC0-301F-11D3-BF4B-00C04F79EFBC}") = "DefaultDemo", "DefaultDemo\DefaultDemo.csproj", "{8FFD1363-1AEE-4014-B79F-2549C67BB174}"
EndProject
Project("{2150E333-8FDC-42A3-9474-1A3956D46DE8}") = "06-AlternateDemo", "06-AlternateDemo", "{A944DCC0-3BEA-4685-939B-EBEFD91C889B}"
EndProject
Project("{FAE04EC0-301F-11D3-BF4B-00C04F79EFBC}") = "AlternateDemo", "AlternateDemo\AlternateDemo.csproj", "{65A8853E-85EA-4303-A718-F34996754191}"
EndProject
Project("{2150E333-8FDC-42A3-9474-1A3956D46DE8}") = "07-PushPullDemo", "07-PushPullDemo", "{C6A21F19-FF40-466A-AA88-6F92593D28F8}"
EndProject
Project("{FAE04EC0-301F-11D3-BF4B-00C04F79EFBC}") = "PushPullDemo", "PushPullDemo\PushPullDemo.csproj", "{FFA16BC6-CE58-420E-879D-EB217527C06F}"
EndProject
Project("{2150E333-8FDC-42A3-9474-1A3956D46DE8}") = "08-WorkerDemo", "08-WorkerDemo", "{586F0B3A-1D2A-4136-A569-F7B875D3EA44}"
EndProject
Project("{FAE04EC0-301F-11D3-BF4B-00C04F79EFBC}") = "WorkerDemo", "WorkerDemo\WorkerDemo.csproj", "{6847A787-1818-464E-A7E6-40B96B83AA07}"
EndProject
Project("{2150E333-8FDC-42A3-9474-1A3956D46DE8}") = "09-PublisherSubscriberDemo", "09-PublisherSubscriberDemo", "{DCD9BED1-3A14-4C8A-9437-F1A435B0FA2B}"
EndProject
Project("{FAE04EC0-301F-11D3-BF4B-00C04F79EFBC}") = "Publisher", "Publisher\Publisher.csproj", "{3111B375-D890-468F-9735-07C4F80AEF29}"
EndProject
Project("{FAE04EC0-301F-11D3-BF4B-00C04F79EFBC}") = "Subscriber", "Subscriber\Subscriber.csproj", "{6430F1C6-606E-40CA-AB66-BC31CC7921AE}"
EndProject
Project("{2150E333-8FDC-42A3-9474-1A3956D46DE8}") = "10-RequestReplyDemo", "10-RequestReplyDemo", "{938D7247-2986-484A-B4D8-F70E8F30470C}"
EndProject
Project("{FAE04EC0-301F-11D3-BF4B-00C04F79EFBC}") = "Request", "Request\Request.csproj", "{A8264A4E-363A-4F65-822B-87DA004D6333}"
EndProject
Project("{FAE04EC0-301F-11D3-BF4B-00C04F79EFBC}") = "Response", "Response\Response.csproj", "{6C70C62B-2534-411D-A7C8-A8CBE3687112}"
EndProject
Project("{2150E333-8FDC-42A3-9474-1A3956D46DE8}") = "11-RequestReplyCommonDemo", "11-RequestReplyCommonDemo", "{C00068D0-0FE0-4EAD-9E86-497A22FCB9DF}"
EndProject
Project("{FAE04EC0-301F-11D3-BF4B-00C04F79EFBC}") = "CommonCode", "CommonCode\CommonCode.csproj", "{85F3634C-77DB-463E-8585-9A2478F32AD5}"
EndProject
Project("{FAE04EC0-301F-11D3-BF4B-00C04F79EFBC}") = "CommonRequest", "CommonRequest\CommonRequest.csproj", "{9961F13B-04A5-4A0D-A999-69D6519DDB7F}"
EndProject
Project("{FAE04EC0-301F-11D3-BF4B-00C04F79EFBC}") = "CommonResponse", "CommonResponse\CommonResponse.csproj", "{CB32704C-24D1-4E93-8020-FD84CBF6F80F}"
EndProject
Project("{2150E333-8FDC-42A3-9474-1A3956D46DE8}") = "12-PriorityDemo", "12-PriorityDemo", "{F01621C3-8FE0-4205-9974-81EB76233056}"
EndProject
Project("{FAE04EC0-301F-11D3-BF4B-00C04F79EFBC}") = "PriorityQueue", "PriorityQueue\PriorityQueue.csproj", "{3DD00873-A042-430E-AC5D-7C88B702CF29}"
EndProject
Project("{FAE04EC0-301F-11D3-BF4B-00C04F79EFBC}") = "Worker", "Worker\Worker.csproj", "{57F8FD9E-CDB2-4DB0-B05C-8069798666C2}"
EndProject
Global
	GlobalSection(SolutionConfigurationPlatforms) = preSolution
		Debug|Any CPU = Debug|Any CPU
		Release|Any CPU = Release|Any CPU
	EndGlobalSection
	GlobalSection(ProjectConfigurationPlatforms) = postSolution
		{4ABAB4ED-531E-4945-83C2-7F87EB761220}.Debug|Any CPU.ActiveCfg = Debug|Any CPU
		{4ABAB4ED-531E-4945-83C2-7F87EB761220}.Debug|Any CPU.Build.0 = Debug|Any CPU
		{4ABAB4ED-531E-4945-83C2-7F87EB761220}.Release|Any CPU.ActiveCfg = Release|Any CPU
		{4ABAB4ED-531E-4945-83C2-7F87EB761220}.Release|Any CPU.Build.0 = Release|Any CPU
		{80798253-166F-4735-ACD9-FBF2E6C481B3}.Debug|Any CPU.ActiveCfg = Debug|Any CPU
		{80798253-166F-4735-ACD9-FBF2E6C481B3}.Debug|Any CPU.Build.0 = Debug|Any CPU
		{80798253-166F-4735-ACD9-FBF2E6C481B3}.Release|Any CPU.ActiveCfg = Release|Any CPU
		{80798253-166F-4735-ACD9-FBF2E6C481B3}.Release|Any CPU.Build.0 = Release|Any CPU
		{DDA44A86-CDD5-4AA7-AAB4-9511293B27A1}.Debug|Any CPU.ActiveCfg = Debug|Any CPU
		{DDA44A86-CDD5-4AA7-AAB4-9511293B27A1}.Debug|Any CPU.Build.0 = Debug|Any CPU
		{DDA44A86-CDD5-4AA7-AAB4-9511293B27A1}.Release|Any CPU.ActiveCfg = Release|Any CPU
		{DDA44A86-CDD5-4AA7-AAB4-9511293B27A1}.Release|Any CPU.Build.0 = Release|Any CPU
		{5ADF734C-A9A5-463E-B71C-E5143088DD12}.Debug|Any CPU.ActiveCfg = Debug|Any CPU
		{5ADF734C-A9A5-463E-B71C-E5143088DD12}.Debug|Any CPU.Build.0 = Debug|Any CPU
		{5ADF734C-A9A5-463E-B71C-E5143088DD12}.Release|Any CPU.ActiveCfg = Release|Any CPU
		{5ADF734C-A9A5-463E-B71C-E5143088DD12}.Release|Any CPU.Build.0 = Release|Any CPU
		{8FFD1363-1AEE-4014-B79F-2549C67BB174}.Debug|Any CPU.ActiveCfg = Debug|Any CPU
		{8FFD1363-1AEE-4014-B79F-2549C67BB174}.Debug|Any CPU.Build.0 = Debug|Any CPU
		{8FFD1363-1AEE-4014-B79F-2549C67BB174}.Release|Any CPU.ActiveCfg = Release|Any CPU
		{8FFD1363-1AEE-4014-B79F-2549C67BB174}.Release|Any CPU.Build.0 = Release|Any CPU
		{65A8853E-85EA-4303-A718-F34996754191}.Debug|Any CPU.ActiveCfg = Debug|Any CPU
		{65A8853E-85EA-4303-A718-F34996754191}.Debug|Any CPU.Build.0 = Debug|Any CPU
		{65A8853E-85EA-4303-A718-F34996754191}.Release|Any CPU.ActiveCfg = Release|Any CPU
		{65A8853E-85EA-4303-A718-F34996754191}.Release|Any CPU.Build.0 = Release|Any CPU
		{FFA16BC6-CE58-420E-879D-EB217527C06F}.Debug|Any CPU.ActiveCfg = Debug|Any CPU
		{FFA16BC6-CE58-420E-879D-EB217527C06F}.Debug|Any CPU.Build.0 = Debug|Any CPU
		{FFA16BC6-CE58-420E-879D-EB217527C06F}.Release|Any CPU.ActiveCfg = Release|Any CPU
		{FFA16BC6-CE58-420E-879D-EB217527C06F}.Release|Any CPU.Build.0 = Release|Any CPU
		{6847A787-1818-464E-A7E6-40B96B83AA07}.Debug|Any CPU.ActiveCfg = Debug|Any CPU
		{6847A787-1818-464E-A7E6-40B96B83AA07}.Debug|Any CPU.Build.0 = Debug|Any CPU
		{6847A787-1818-464E-A7E6-40B96B83AA07}.Release|Any CPU.ActiveCfg = Release|Any CPU
		{6847A787-1818-464E-A7E6-40B96B83AA07}.Release|Any CPU.Build.0 = Release|Any CPU
		{3111B375-D890-468F-9735-07C4F80AEF29}.Debug|Any CPU.ActiveCfg = Debug|Any CPU
		{3111B375-D890-468F-9735-07C4F80AEF29}.Debug|Any CPU.Build.0 = Debug|Any CPU
		{3111B375-D890-468F-9735-07C4F80AEF29}.Release|Any CPU.ActiveCfg = Release|Any CPU
		{3111B375-D890-468F-9735-07C4F80AEF29}.Release|Any CPU.Build.0 = Release|Any CPU
		{6430F1C6-606E-40CA-AB66-BC31CC7921AE}.Debug|Any CPU.ActiveCfg = Debug|Any CPU
		{6430F1C6-606E-40CA-AB66-BC31CC7921AE}.Debug|Any CPU.Build.0 = Debug|Any CPU
		{6430F1C6-606E-40CA-AB66-BC31CC7921AE}.Release|Any CPU.ActiveCfg = Release|Any CPU
		{6430F1C6-606E-40CA-AB66-BC31CC7921AE}.Release|Any CPU.Build.0 = Release|Any CPU
		{A8264A4E-363A-4F65-822B-87DA004D6333}.Debug|Any CPU.ActiveCfg = Debug|Any CPU
		{A8264A4E-363A-4F65-822B-87DA004D6333}.Debug|Any CPU.Build.0 = Debug|Any CPU
		{A8264A4E-363A-4F65-822B-87DA004D6333}.Release|Any CPU.ActiveCfg = Release|Any CPU
		{A8264A4E-363A-4F65-822B-87DA004D6333}.Release|Any CPU.Build.0 = Release|Any CPU
		{6C70C62B-2534-411D-A7C8-A8CBE3687112}.Debug|Any CPU.ActiveCfg = Debug|Any CPU
		{6C70C62B-2534-411D-A7C8-A8CBE3687112}.Debug|Any CPU.Build.0 = Debug|Any CPU
		{6C70C62B-2534-411D-A7C8-A8CBE3687112}.Release|Any CPU.ActiveCfg = Release|Any CPU
		{6C70C62B-2534-411D-A7C8-A8CBE3687112}.Release|Any CPU.Build.0 = Release|Any CPU
		{85F3634C-77DB-463E-8585-9A2478F32AD5}.Debug|Any CPU.ActiveCfg = Debug|Any CPU
		{85F3634C-77DB-463E-8585-9A2478F32AD5}.Debug|Any CPU.Build.0 = Debug|Any CPU
		{85F3634C-77DB-463E-8585-9A2478F32AD5}.Release|Any CPU.ActiveCfg = Release|Any CPU
		{85F3634C-77DB-463E-8585-9A2478F32AD5}.Release|Any CPU.Build.0 = Release|Any CPU
		{9961F13B-04A5-4A0D-A999-69D6519DDB7F}.Debug|Any CPU.ActiveCfg = Debug|Any CPU
		{9961F13B-04A5-4A0D-A999-69D6519DDB7F}.Debug|Any CPU.Build.0 = Debug|Any CPU
		{9961F13B-04A5-4A0D-A999-69D6519DDB7F}.Release|Any CPU.ActiveCfg = Release|Any CPU
		{9961F13B-04A5-4A0D-A999-69D6519DDB7F}.Release|Any CPU.Build.0 = Release|Any CPU
		{CB32704C-24D1-4E93-8020-FD84CBF6F80F}.Debug|Any CPU.ActiveCfg = Debug|Any CPU
		{CB32704C-24D1-4E93-8020-FD84CBF6F80F}.Debug|Any CPU.Build.0 = Debug|Any CPU
		{CB32704C-24D1-4E93-8020-FD84CBF6F80F}.Release|Any CPU.ActiveCfg = Release|Any CPU
		{CB32704C-24D1-4E93-8020-FD84CBF6F80F}.Release|Any CPU.Build.0 = Release|Any CPU
		{3DD00873-A042-430E-AC5D-7C88B702CF29}.Debug|Any CPU.ActiveCfg = Debug|Any CPU
		{3DD00873-A042-430E-AC5D-7C88B702CF29}.Debug|Any CPU.Build.0 = Debug|Any CPU
		{3DD00873-A042-430E-AC5D-7C88B702CF29}.Release|Any CPU.ActiveCfg = Release|Any CPU
		{3DD00873-A042-430E-AC5D-7C88B702CF29}.Release|Any CPU.Build.0 = Release|Any CPU
		{57F8FD9E-CDB2-4DB0-B05C-8069798666C2}.Debug|Any CPU.ActiveCfg = Debug|Any CPU
		{57F8FD9E-CDB2-4DB0-B05C-8069798666C2}.Debug|Any CPU.Build.0 = Debug|Any CPU
		{57F8FD9E-CDB2-4DB0-B05C-8069798666C2}.Release|Any CPU.ActiveCfg = Release|Any CPU
		{57F8FD9E-CDB2-4DB0-B05C-8069798666C2}.Release|Any CPU.Build.0 = Release|Any CPU
	EndGlobalSection
	GlobalSection(SolutionProperties) = preSolution
		HideSolutionNode = FALSE
	EndGlobalSection
	GlobalSection(NestedProjects) = preSolution
		{4ABAB4ED-531E-4945-83C2-7F87EB761220} = {30064AD1-9B65-4517-AE9B-D3F5B0B2059D}
		{80798253-166F-4735-ACD9-FBF2E6C481B3} = {A4B82210-FA17-47BE-AA2B-B9AF5C12BEF9}
		{DDA44A86-CDD5-4AA7-AAB4-9511293B27A1} = {F439DC9A-98B4-4897-8E24-4ECE7F478BED}
		{5ADF734C-A9A5-463E-B71C-E5143088DD12} = {06F196C2-B199-428B-AAF3-A1BA1D882742}
		{8FFD1363-1AEE-4014-B79F-2549C67BB174} = {7CC7BD41-A566-4F78-A6E0-178C4AFAFA67}
		{65A8853E-85EA-4303-A718-F34996754191} = {A944DCC0-3BEA-4685-939B-EBEFD91C889B}
		{FFA16BC6-CE58-420E-879D-EB217527C06F} = {C6A21F19-FF40-466A-AA88-6F92593D28F8}
		{6847A787-1818-464E-A7E6-40B96B83AA07} = {586F0B3A-1D2A-4136-A569-F7B875D3EA44}
		{3111B375-D890-468F-9735-07C4F80AEF29} = {DCD9BED1-3A14-4C8A-9437-F1A435B0FA2B}
		{6430F1C6-606E-40CA-AB66-BC31CC7921AE} = {DCD9BED1-3A14-4C8A-9437-F1A435B0FA2B}
		{A8264A4E-363A-4F65-822B-87DA004D6333} = {938D7247-2986-484A-B4D8-F70E8F30470C}
		{6C70C62B-2534-411D-A7C8-A8CBE3687112} = {938D7247-2986-484A-B4D8-F70E8F30470C}
		{85F3634C-77DB-463E-8585-9A2478F32AD5} = {C00068D0-0FE0-4EAD-9E86-497A22FCB9DF}
		{9961F13B-04A5-4A0D-A999-69D6519DDB7F} = {C00068D0-0FE0-4EAD-9E86-497A22FCB9DF}
		{CB32704C-24D1-4E93-8020-FD84CBF6F80F} = {C00068D0-0FE0-4EAD-9E86-497A22FCB9DF}
		{3DD00873-A042-430E-AC5D-7C88B702CF29} = {F01621C3-8FE0-4205-9974-81EB76233056}
		{57F8FD9E-CDB2-4DB0-B05C-8069798666C2} = {F01621C3-8FE0-4205-9974-81EB76233056}
	EndGlobalSection
	GlobalSection(ExtensibilityGlobals) = postSolution
		SolutionGuid = {8D97F227-7BAA-4064-8699-C8FAEFFDCEBA}
	EndGlobalSection
EndGlobal
